
Microsoft Visual Studio Solution File, Format Version 12.00
# Visual Studio Version 17
VisualStudioVersion = 17.10.35027.167
MinimumVisualStudioVersion = 10.0.40219.1
Project("{FAE04EC0-301F-11D3-BF4B-00C04F79EFBC}") = "PE1 - List Of Objects", "PE1 - List Of Objects\PE1 - List Of Objects.csproj", "{D6B89FA8-7BA4-4410-897A-C72DDD55A309}"
EndProject
Global
	GlobalSection(SolutionConfigurationPlatforms) = preSolution
		Debug|Any CPU = Debug|Any CPU
		Release|Any CPU = Release|Any CPU
	EndGlobalSection
	GlobalSection(ProjectConfigurationPlatforms) = postSolution
		{D6B89FA8-7BA4-4410-897A-C72DDD55A309}.Debug|Any CPU.ActiveCfg = Debug|Any CPU
		{D6B89FA8-7BA4-4410-897A-C72DDD55A309}.Debug|Any CPU.Build.0 = Debug|Any CPU
		{D6B89FA8-7BA4-4410-897A-C72DDD55A309}.Release|Any CPU.ActiveCfg = Release|Any CPU
		{D6B89FA8-7BA4-4410-897A-C72DDD55A309}.Release|Any CPU.Build.0 = Release|Any CPU
	EndGlobalSection
	GlobalSection(SolutionProperties) = preSolution
		HideSolutionNode = FALSE
	EndGlobalSection
	GlobalSection(ExtensibilityGlobals) = postSolution
		SolutionGuid = {80007C34-D029-482E-B710-77BF07F01B6F}
	EndGlobalSection
EndGlobal
