
Microsoft Visual Studio Solution File, Format Version 12.00
# Visual Studio Version 17
VisualStudioVersion = 17.10.35027.167
MinimumVisualStudioVersion = 10.0.40219.1
Project("{FAE04EC0-301F-11D3-BF4B-00C04F79EFBC}") = "Algorithmic_Analysis", "Algorithmic_Analysis\Algorithmic_Analysis.csproj", "{C80DEAAE-2E15-495B-88D5-681529F95711}"
EndProject
Global
	GlobalSection(SolutionConfigurationPlatforms) = preSolution
		Debug|Any CPU = Debug|Any CPU
		Release|Any CPU = Release|Any CPU
	EndGlobalSection
	GlobalSection(ProjectConfigurationPlatforms) = postSolution
		{C80DEAAE-2E15-495B-88D5-681529F95711}.Debug|Any CPU.ActiveCfg = Debug|Any CPU
		{C80DEAAE-2E15-495B-88D5-681529F95711}.Debug|Any CPU.Build.0 = Debug|Any CPU
		{C80DEAAE-2E15-495B-88D5-681529F95711}.Release|Any CPU.ActiveCfg = Release|Any CPU
		{C80DEAAE-2E15-495B-88D5-681529F95711}.Release|Any CPU.Build.0 = Release|Any CPU
	EndGlobalSection
	GlobalSection(SolutionProperties) = preSolution
		HideSolutionNode = FALSE
	EndGlobalSection
	GlobalSection(ExtensibilityGlobals) = postSolution
		SolutionGuid = {1277D200-1BAE-4350-A2AF-B9635586C677}
	EndGlobalSection
EndGlobal
